
Microsoft Visual Studio Solution File, Format Version 12.00
# Visual Studio Version 17
VisualStudioVersion = 17.6.33829.357
MinimumVisualStudioVersion = 10.0.40219.1
Project("{FAE04EC0-301F-11D3-BF4B-00C04F79EFBC}") = "I T help desk HAL", "I T help desk HAL\I T help desk HAL.csproj", "{F30B9BB7-72A1-4DE6-AF43-0DD847A07059}"
EndProject
Global
	GlobalSection(SolutionConfigurationPlatforms) = preSolution
		Debug|Any CPU = Debug|Any CPU
		Release|Any CPU = Release|Any CPU
	EndGlobalSection
	GlobalSection(ProjectConfigurationPlatforms) = postSolution
		{F30B9BB7-72A1-4DE6-AF43-0DD847A07059}.Debug|Any CPU.ActiveCfg = Debug|Any CPU
		{F30B9BB7-72A1-4DE6-AF43-0DD847A07059}.Debug|Any CPU.Build.0 = Debug|Any CPU
		{F30B9BB7-72A1-4DE6-AF43-0DD847A07059}.Release|Any CPU.ActiveCfg = Release|Any CPU
		{F30B9BB7-72A1-4DE6-AF43-0DD847A07059}.Release|Any CPU.Build.0 = Release|Any CPU
	EndGlobalSection
	GlobalSection(SolutionProperties) = preSolution
		HideSolutionNode = FALSE
	EndGlobalSection
	GlobalSection(ExtensibilityGlobals) = postSolution
		SolutionGuid = {40DC3B2A-D366-4471-A29C-57130615269F}
	EndGlobalSection
EndGlobal
